# This file is autogenerated, do not edit; changes may be undone by the next 'dep ensure'.


[[projects]]
  name = "github.com/nlopes/slack"
  packages = ["."]
  revision = "c86337c0ef2486a15edd804355d9c73d2f2caed1"
  version = "v0.1.0"

[[projects]]
  branch = "master"
  name = "github.com/wunderlist/ttlcache"
  packages = ["."]
  revision = "fa8f18d5e019f6bdf076153e60dccf2c6fc7ccf5"

[[projects]]
  branch = "master"
  name = "golang.org/x/net"
  packages = ["websocket"]
  revision = "a8b9294777976932365dabb6640cf1468d95c70f"

[solve-meta]
  analyzer-name = "dep"
  analyzer-version = 1
  inputs-digest = "2340369523681003c1b88f67423423ebe5d6b354c2769ec941859b5265c9ff8a"
  solver-name = "gps-cdcl"
  solver-version = 1
